
Microsoft Visual Studio Solution File, Format Version 12.00
# Visual Studio 2012
Project("{FAE04EC0-301F-11D3-BF4B-00C04F79EFBC}") = "DBPortable", "DBPortable\DBPortable.csproj", "{E3F3F1BD-DAB0-4E92-8A98-C6E93E43C75D}"
EndProject
Global
	GlobalSection(SolutionConfigurationPlatforms) = preSolution
		Debug|Any CPU = Debug|Any CPU
		Release|Any CPU = Release|Any CPU
	EndGlobalSection
	GlobalSection(ProjectConfigurationPlatforms) = postSolution
		{E3F3F1BD-DAB0-4E92-8A98-C6E93E43C75D}.Debug|Any CPU.ActiveCfg = Debug|Any CPU
		{E3F3F1BD-DAB0-4E92-8A98-C6E93E43C75D}.Debug|Any CPU.Build.0 = Debug|Any CPU
		{E3F3F1BD-DAB0-4E92-8A98-C6E93E43C75D}.Release|Any CPU.ActiveCfg = Release|Any CPU
		{E3F3F1BD-DAB0-4E92-8A98-C6E93E43C75D}.Release|Any CPU.Build.0 = Release|Any CPU
	EndGlobalSection
	GlobalSection(SolutionProperties) = preSolution
		HideSolutionNode = FALSE
	EndGlobalSection
EndGlobal
